{
  "nodes": {
    "crafts": {
      "inputs": {
        "flake-utils": "flake-utils",
        "nixpkgs": [
          "nixpkgs"
        ]
      },
      "locked": {
        "lastModified": 1674651214,
        "narHash": "sha256-CF7k7823OjpA3diUzp9cYk61aoEJ/D5nvk3rgi9D8BY=",
        "owner": "jnsgruk",
        "repo": "crafts-flake",
        "rev": "f658d022779bd4f43b8bf5d49e45498fd8a7d2e0",
        "type": "github"
      },
      "original": {
        "owner": "jnsgruk",
        "repo": "crafts-flake",
        "type": "github"
      }
    },
    "embr": {
      "inputs": {
        "flake-utils": "flake-utils_2",
        "nixpkgs": [
          "nixpkgs"
        ]
      },
      "locked": {
        "lastModified": 1677254500,
        "narHash": "sha256-f//tIVc1kHkVmtOw/kx3D8TMMZqBdkg8koeZhh3mbcU=",
        "owner": "jnsgruk",
        "repo": "firecracker-ubuntu",
        "rev": "0491ead02bfdb7fb924123b848f2d12f4d26ca82",
        "type": "github"
      },
      "original": {
        "owner": "jnsgruk",
        "repo": "firecracker-ubuntu",
        "type": "github"
      }
    },
    "flake-utils": {
      "locked": {
        "lastModified": 1667395993,
        "narHash": "sha256-nuEHfE/LcWyuSWnS8t12N1wc105Qtau+/OdUAjtQ0rA=",
        "owner": "numtide",
        "repo": "flake-utils",
        "rev": "5aed5285a952e0b949eb3ba02c12fa4fcfef535f",
        "type": "github"
      },
      "original": {
        "owner": "numtide",
        "repo": "flake-utils",
        "type": "github"
      }
    },
    "flake-utils_2": {
      "locked": {
        "lastModified": 1667395993,
        "narHash": "sha256-nuEHfE/LcWyuSWnS8t12N1wc105Qtau+/OdUAjtQ0rA=",
        "owner": "numtide",
        "repo": "flake-utils",
        "rev": "5aed5285a952e0b949eb3ba02c12fa4fcfef535f",
        "type": "github"
      },
      "original": {
        "owner": "numtide",
        "repo": "flake-utils",
        "type": "github"
      }
    },
    "home-manager": {
      "inputs": {
        "nixpkgs": [
          "nixpkgs"
        ],
        "utils": "utils"
      },
      "locked": {
        "lastModified": 1678967335,
        "narHash": "sha256-oFppZaAVRA0G/aVPvjtWaQI5EQ2dZ5LgbEKfsBmKQgA=",
        "owner": "nix-community",
        "repo": "home-manager",
        "rev": "b832390db376fbbf44115904cfab6680fb42e076",
        "type": "github"
      },
      "original": {
        "owner": "nix-community",
        "repo": "home-manager",
        "type": "github"
      }
    },
    "nixpkgs": {
      "locked": {
        "lastModified": 1678875422,
        "narHash": "sha256-T3o6NcQPwXjxJMn2shz86Chch4ljXgZn746c2caGxd8=",
        "owner": "nixos",
        "repo": "nixpkgs",
        "rev": "126f49a01de5b7e35a43fd43f891ecf6d3a51459",
        "type": "github"
      },
      "original": {
        "owner": "nixos",
        "ref": "nixpkgs-unstable",
        "repo": "nixpkgs",
        "type": "github"
      }
    },
    "nixpkgs_2": {
      "locked": {
        "lastModified": 1672441588,
        "narHash": "sha256-jx5kxOyeObnVD44HRebKYL3cjWrcKhhcDmEYm0/naDY=",
        "owner": "NixOS",
        "repo": "nixpkgs",
        "rev": "6a0d2701705c3cf6f42c15aa92b7885f1f8a477f",
        "type": "github"
      },
      "original": {
        "id": "nixpkgs",
        "type": "indirect"
      }
    },
    "root": {
      "inputs": {
        "crafts": "crafts",
        "embr": "embr",
        "home-manager": "home-manager",
        "nixpkgs": "nixpkgs",
        "vscode-server": "vscode-server"
      }
    },
    "utils": {
      "locked": {
        "lastModified": 1676283394,
        "narHash": "sha256-XX2f9c3iySLCw54rJ/CZs+ZK6IQy7GXNY4nSOyu2QG4=",
        "owner": "numtide",
        "repo": "flake-utils",
        "rev": "3db36a8b464d0c4532ba1c7dda728f4576d6d073",
        "type": "github"
      },
      "original": {
        "owner": "numtide",
        "repo": "flake-utils",
        "type": "github"
      }
    },
    "vscode-server": {
      "inputs": {
        "nixpkgs": "nixpkgs_2"
      },
      "locked": {
        "lastModified": 1676501444,
        "narHash": "sha256-H+uQetkzd5GIga56HmCDwl5eihdQgeN2jVdNrkXzDyo=",
        "owner": "msteen",
        "repo": "nixos-vscode-server",
        "rev": "57f1716bc625d2892579294cc207956679e3d94c",
        "type": "github"
      },
      "original": {
        "owner": "msteen",
        "repo": "nixos-vscode-server",
        "type": "github"
      }
    }
  },
  "root": "root",
  "version": 7
}
